
Microsoft Visual Studio Solution File, Format Version 12.00
# Visual Studio Version 17
VisualStudioVersion = 17.3.32901.215
MinimumVisualStudioVersion = 10.0.40219.1
Project("{FAE04EC0-301F-11D3-BF4B-00C04F79EFBC}") = "UI Automation", "UI Automation.csproj", "{E5B613F2-CEE1-4A16-96AE-7CDFC1244F3F}"
EndProject
Global
	GlobalSection(SolutionConfigurationPlatforms) = preSolution
		Debug|Any CPU = Debug|Any CPU
		Release|Any CPU = Release|Any CPU
	EndGlobalSection
	GlobalSection(ProjectConfigurationPlatforms) = postSolution
		{E5B613F2-CEE1-4A16-96AE-7CDFC1244F3F}.Debug|Any CPU.ActiveCfg = Debug|Any CPU
		{E5B613F2-CEE1-4A16-96AE-7CDFC1244F3F}.Debug|Any CPU.Build.0 = Debug|Any CPU
		{E5B613F2-CEE1-4A16-96AE-7CDFC1244F3F}.Release|Any CPU.ActiveCfg = Release|Any CPU
		{E5B613F2-CEE1-4A16-96AE-7CDFC1244F3F}.Release|Any CPU.Build.0 = Release|Any CPU
	EndGlobalSection
	GlobalSection(SolutionProperties) = preSolution
		HideSolutionNode = FALSE
	EndGlobalSection
	GlobalSection(ExtensibilityGlobals) = postSolution
		SolutionGuid = {194E701E-97E6-4CE1-B88B-0D3B9328C704}
	EndGlobalSection
EndGlobal
